
Microsoft Visual Studio Solution File, Format Version 12.00
#
Project("{2150E333-8FDC-42A3-9474-1A3956D46DE8}") = "src", "src", "{F5102003-7F57-456F-94F5-7DC23D810803}"
EndProject
Project("{FAE04EC0-301F-11D3-BF4B-00C04F79EFBC}") = "Day1", "src\Day1\Day1.csproj", "{2F51141B-17FF-47A6-BB11-8A8314963F74}"
EndProject
Project("{FAE04EC0-301F-11D3-BF4B-00C04F79EFBC}") = "Day2", "src\Day2\Day2.csproj", "{06B3165E-8C4A-492E-8D80-04A5C17B5B67}"
EndProject
Project("{FAE04EC0-301F-11D3-BF4B-00C04F79EFBC}") = "Day3", "src\Day3\Day3.csproj", "{53C3330E-F5DF-488A-9311-CDE759F84AEC}"
EndProject
Project("{FAE04EC0-301F-11D3-BF4B-00C04F79EFBC}") = "Day4", "src\Day4\Day4.csproj", "{F04535A1-F920-4DCA-B69A-D9B7CCFEA28A}"
EndProject
Project("{FAE04EC0-301F-11D3-BF4B-00C04F79EFBC}") = "Day5", "src\Day5\Day5.csproj", "{4B0B0506-10A3-46D7-9A62-C0055452F228}"
EndProject
Project("{FAE04EC0-301F-11D3-BF4B-00C04F79EFBC}") = "Day6", "src\Day6\Day6.csproj", "{A59141ED-7656-4ED3-B239-31DC85E6141F}"
EndProject
Project("{FAE04EC0-301F-11D3-BF4B-00C04F79EFBC}") = "Day7", "src\Day7\Day7.csproj", "{C02577C0-1089-40EB-A100-0CB7CA00F546}"
EndProject
Project("{FAE04EC0-301F-11D3-BF4B-00C04F79EFBC}") = "Day8", "src\Day8\Day8.csproj", "{1ECF0292-186A-4B31-8150-65D1DB9BE030}"
EndProject
Project("{FAE04EC0-301F-11D3-BF4B-00C04F79EFBC}") = "Day9", "src\Day9\Day9.csproj", "{245CFC66-151D-4DA8-A71F-42014136AFD6}"
EndProject
Project("{FAE04EC0-301F-11D3-BF4B-00C04F79EFBC}") = "Day10", "src\Day10\Day10.csproj", "{27D71E2D-B388-4281-B2D7-9B9D9AF5089B}"
EndProject
Project("{FAE04EC0-301F-11D3-BF4B-00C04F79EFBC}") = "Day11", "src\Day11\Day11.csproj", "{B21E1C64-037D-42CA-90F3-95AB5C779B30}"
EndProject
Project("{FAE04EC0-301F-11D3-BF4B-00C04F79EFBC}") = "Day12", "src\Day12\Day12.csproj", "{AAC303B6-8971-4466-AFFB-F087986EC001}"
EndProject
Project("{FAE04EC0-301F-11D3-BF4B-00C04F79EFBC}") = "Day14", "src\Day14\Day14.csproj", "{40B53941-718E-4A8D-A422-4AF3065D36A3}"
EndProject
Project("{FAE04EC0-301F-11D3-BF4B-00C04F79EFBC}") = "Day15", "src\Day15\Day15.csproj", "{C5518E23-B172-47AF-9D8D-95D922A34211}"
EndProject
Project("{FAE04EC0-301F-11D3-BF4B-00C04F79EFBC}") = "Day16", "src\Day16\Day16.csproj", "{6AE8C5B2-96EF-4E66-B348-59504088FE7B}"
EndProject
Project("{FAE04EC0-301F-11D3-BF4B-00C04F79EFBC}") = "Day17", "src\Day17\Day17.csproj", "{A1640D5B-EFD7-419C-A287-F8006331A3B7}"
EndProject
Project("{FAE04EC0-301F-11D3-BF4B-00C04F79EFBC}") = "Day18", "src\Day18\Day18.csproj", "{1193573A-F778-4338-B40B-17A6C4956D04}"
EndProject
Global
	GlobalSection(SolutionConfigurationPlatforms) = preSolution
		Debug|Any CPU = Debug|Any CPU
		Release|Any CPU = Release|Any CPU
	EndGlobalSection
	GlobalSection(ProjectConfigurationPlatforms) = postSolution
		{2F51141B-17FF-47A6-BB11-8A8314963F74}.Debug|Any CPU.ActiveCfg = Debug|Any CPU
		{2F51141B-17FF-47A6-BB11-8A8314963F74}.Debug|Any CPU.Build.0 = Debug|Any CPU
		{2F51141B-17FF-47A6-BB11-8A8314963F74}.Release|Any CPU.ActiveCfg = Release|Any CPU
		{2F51141B-17FF-47A6-BB11-8A8314963F74}.Release|Any CPU.Build.0 = Release|Any CPU
		{06B3165E-8C4A-492E-8D80-04A5C17B5B67}.Debug|Any CPU.ActiveCfg = Debug|Any CPU
		{06B3165E-8C4A-492E-8D80-04A5C17B5B67}.Debug|Any CPU.Build.0 = Debug|Any CPU
		{06B3165E-8C4A-492E-8D80-04A5C17B5B67}.Release|Any CPU.ActiveCfg = Release|Any CPU
		{06B3165E-8C4A-492E-8D80-04A5C17B5B67}.Release|Any CPU.Build.0 = Release|Any CPU
		{53C3330E-F5DF-488A-9311-CDE759F84AEC}.Debug|Any CPU.ActiveCfg = Debug|Any CPU
		{53C3330E-F5DF-488A-9311-CDE759F84AEC}.Debug|Any CPU.Build.0 = Debug|Any CPU
		{53C3330E-F5DF-488A-9311-CDE759F84AEC}.Release|Any CPU.ActiveCfg = Release|Any CPU
		{53C3330E-F5DF-488A-9311-CDE759F84AEC}.Release|Any CPU.Build.0 = Release|Any CPU
		{F04535A1-F920-4DCA-B69A-D9B7CCFEA28A}.Debug|Any CPU.ActiveCfg = Debug|Any CPU
		{F04535A1-F920-4DCA-B69A-D9B7CCFEA28A}.Debug|Any CPU.Build.0 = Debug|Any CPU
		{F04535A1-F920-4DCA-B69A-D9B7CCFEA28A}.Release|Any CPU.ActiveCfg = Release|Any CPU
		{F04535A1-F920-4DCA-B69A-D9B7CCFEA28A}.Release|Any CPU.Build.0 = Release|Any CPU
		{4B0B0506-10A3-46D7-9A62-C0055452F228}.Debug|Any CPU.ActiveCfg = Debug|Any CPU
		{4B0B0506-10A3-46D7-9A62-C0055452F228}.Debug|Any CPU.Build.0 = Debug|Any CPU
		{4B0B0506-10A3-46D7-9A62-C0055452F228}.Release|Any CPU.ActiveCfg = Release|Any CPU
		{4B0B0506-10A3-46D7-9A62-C0055452F228}.Release|Any CPU.Build.0 = Release|Any CPU
		{A59141ED-7656-4ED3-B239-31DC85E6141F}.Debug|Any CPU.ActiveCfg = Debug|Any CPU
		{A59141ED-7656-4ED3-B239-31DC85E6141F}.Debug|Any CPU.Build.0 = Debug|Any CPU
		{A59141ED-7656-4ED3-B239-31DC85E6141F}.Release|Any CPU.ActiveCfg = Release|Any CPU
		{A59141ED-7656-4ED3-B239-31DC85E6141F}.Release|Any CPU.Build.0 = Release|Any CPU
		{C02577C0-1089-40EB-A100-0CB7CA00F546}.Debug|Any CPU.ActiveCfg = Debug|Any CPU
		{C02577C0-1089-40EB-A100-0CB7CA00F546}.Debug|Any CPU.Build.0 = Debug|Any CPU
		{C02577C0-1089-40EB-A100-0CB7CA00F546}.Release|Any CPU.ActiveCfg = Release|Any CPU
		{C02577C0-1089-40EB-A100-0CB7CA00F546}.Release|Any CPU.Build.0 = Release|Any CPU
		{1ECF0292-186A-4B31-8150-65D1DB9BE030}.Debug|Any CPU.ActiveCfg = Debug|Any CPU
		{1ECF0292-186A-4B31-8150-65D1DB9BE030}.Debug|Any CPU.Build.0 = Debug|Any CPU
		{1ECF0292-186A-4B31-8150-65D1DB9BE030}.Release|Any CPU.ActiveCfg = Release|Any CPU
		{1ECF0292-186A-4B31-8150-65D1DB9BE030}.Release|Any CPU.Build.0 = Release|Any CPU
		{245CFC66-151D-4DA8-A71F-42014136AFD6}.Debug|Any CPU.ActiveCfg = Debug|Any CPU
		{245CFC66-151D-4DA8-A71F-42014136AFD6}.Debug|Any CPU.Build.0 = Debug|Any CPU
		{245CFC66-151D-4DA8-A71F-42014136AFD6}.Release|Any CPU.ActiveCfg = Release|Any CPU
		{245CFC66-151D-4DA8-A71F-42014136AFD6}.Release|Any CPU.Build.0 = Release|Any CPU
		{27D71E2D-B388-4281-B2D7-9B9D9AF5089B}.Debug|Any CPU.ActiveCfg = Debug|Any CPU
		{27D71E2D-B388-4281-B2D7-9B9D9AF5089B}.Debug|Any CPU.Build.0 = Debug|Any CPU
		{27D71E2D-B388-4281-B2D7-9B9D9AF5089B}.Release|Any CPU.ActiveCfg = Release|Any CPU
		{27D71E2D-B388-4281-B2D7-9B9D9AF5089B}.Release|Any CPU.Build.0 = Release|Any CPU
		{B21E1C64-037D-42CA-90F3-95AB5C779B30}.Debug|Any CPU.ActiveCfg = Debug|Any CPU
		{B21E1C64-037D-42CA-90F3-95AB5C779B30}.Debug|Any CPU.Build.0 = Debug|Any CPU
		{B21E1C64-037D-42CA-90F3-95AB5C779B30}.Release|Any CPU.ActiveCfg = Release|Any CPU
		{B21E1C64-037D-42CA-90F3-95AB5C779B30}.Release|Any CPU.Build.0 = Release|Any CPU
		{AAC303B6-8971-4466-AFFB-F087986EC001}.Debug|Any CPU.ActiveCfg = Debug|Any CPU
		{AAC303B6-8971-4466-AFFB-F087986EC001}.Debug|Any CPU.Build.0 = Debug|Any CPU
		{AAC303B6-8971-4466-AFFB-F087986EC001}.Release|Any CPU.ActiveCfg = Release|Any CPU
		{AAC303B6-8971-4466-AFFB-F087986EC001}.Release|Any CPU.Build.0 = Release|Any CPU
		{40B53941-718E-4A8D-A422-4AF3065D36A3}.Debug|Any CPU.ActiveCfg = Debug|Any CPU
		{40B53941-718E-4A8D-A422-4AF3065D36A3}.Debug|Any CPU.Build.0 = Debug|Any CPU
		{40B53941-718E-4A8D-A422-4AF3065D36A3}.Release|Any CPU.ActiveCfg = Release|Any CPU
		{40B53941-718E-4A8D-A422-4AF3065D36A3}.Release|Any CPU.Build.0 = Release|Any CPU
		{C5518E23-B172-47AF-9D8D-95D922A34211}.Debug|Any CPU.ActiveCfg = Debug|Any CPU
		{C5518E23-B172-47AF-9D8D-95D922A34211}.Debug|Any CPU.Build.0 = Debug|Any CPU
		{C5518E23-B172-47AF-9D8D-95D922A34211}.Release|Any CPU.ActiveCfg = Release|Any CPU
		{C5518E23-B172-47AF-9D8D-95D922A34211}.Release|Any CPU.Build.0 = Release|Any CPU
		{6AE8C5B2-96EF-4E66-B348-59504088FE7B}.Debug|Any CPU.ActiveCfg = Debug|Any CPU
		{6AE8C5B2-96EF-4E66-B348-59504088FE7B}.Debug|Any CPU.Build.0 = Debug|Any CPU
		{6AE8C5B2-96EF-4E66-B348-59504088FE7B}.Release|Any CPU.ActiveCfg = Release|Any CPU
		{6AE8C5B2-96EF-4E66-B348-59504088FE7B}.Release|Any CPU.Build.0 = Release|Any CPU
		{A1640D5B-EFD7-419C-A287-F8006331A3B7}.Debug|Any CPU.ActiveCfg = Debug|Any CPU
		{A1640D5B-EFD7-419C-A287-F8006331A3B7}.Debug|Any CPU.Build.0 = Debug|Any CPU
		{A1640D5B-EFD7-419C-A287-F8006331A3B7}.Release|Any CPU.ActiveCfg = Release|Any CPU
		{A1640D5B-EFD7-419C-A287-F8006331A3B7}.Release|Any CPU.Build.0 = Release|Any CPU
		{1193573A-F778-4338-B40B-17A6C4956D04}.Debug|Any CPU.ActiveCfg = Debug|Any CPU
		{1193573A-F778-4338-B40B-17A6C4956D04}.Debug|Any CPU.Build.0 = Debug|Any CPU
		{1193573A-F778-4338-B40B-17A6C4956D04}.Release|Any CPU.ActiveCfg = Release|Any CPU
		{1193573A-F778-4338-B40B-17A6C4956D04}.Release|Any CPU.Build.0 = Release|Any CPU
	EndGlobalSection
	GlobalSection(NestedProjects) = preSolution
		{2F51141B-17FF-47A6-BB11-8A8314963F74} = {F5102003-7F57-456F-94F5-7DC23D810803}
		{06B3165E-8C4A-492E-8D80-04A5C17B5B67} = {F5102003-7F57-456F-94F5-7DC23D810803}
		{53C3330E-F5DF-488A-9311-CDE759F84AEC} = {F5102003-7F57-456F-94F5-7DC23D810803}
		{F04535A1-F920-4DCA-B69A-D9B7CCFEA28A} = {F5102003-7F57-456F-94F5-7DC23D810803}
		{4B0B0506-10A3-46D7-9A62-C0055452F228} = {F5102003-7F57-456F-94F5-7DC23D810803}
		{A59141ED-7656-4ED3-B239-31DC85E6141F} = {F5102003-7F57-456F-94F5-7DC23D810803}
		{C02577C0-1089-40EB-A100-0CB7CA00F546} = {F5102003-7F57-456F-94F5-7DC23D810803}
		{1ECF0292-186A-4B31-8150-65D1DB9BE030} = {F5102003-7F57-456F-94F5-7DC23D810803}
		{245CFC66-151D-4DA8-A71F-42014136AFD6} = {F5102003-7F57-456F-94F5-7DC23D810803}
		{27D71E2D-B388-4281-B2D7-9B9D9AF5089B} = {F5102003-7F57-456F-94F5-7DC23D810803}
		{B21E1C64-037D-42CA-90F3-95AB5C779B30} = {F5102003-7F57-456F-94F5-7DC23D810803}
		{AAC303B6-8971-4466-AFFB-F087986EC001} = {F5102003-7F57-456F-94F5-7DC23D810803}
		{40B53941-718E-4A8D-A422-4AF3065D36A3} = {F5102003-7F57-456F-94F5-7DC23D810803}
		{C5518E23-B172-47AF-9D8D-95D922A34211} = {F5102003-7F57-456F-94F5-7DC23D810803}
		{6AE8C5B2-96EF-4E66-B348-59504088FE7B} = {F5102003-7F57-456F-94F5-7DC23D810803}
		{A1640D5B-EFD7-419C-A287-F8006331A3B7} = {F5102003-7F57-456F-94F5-7DC23D810803}
		{1193573A-F778-4338-B40B-17A6C4956D04} = {F5102003-7F57-456F-94F5-7DC23D810803}
	EndGlobalSection
EndGlobal
